
Microsoft Visual Studio Solution File, Format Version 12.00
# Visual Studio Version 17
VisualStudioVersion = 17.9.34714.143
MinimumVisualStudioVersion = 10.0.40219.1
Project("{9A19103F-16F7-4668-BE54-9A1E7A4F7556}") = "DOANCOSO", "Lab04_LMK\DOANCOSO.csproj", "{16C43072-5B38-4586-BB79-FB226FC3F39B}"
EndProject
Global
	GlobalSection(SolutionConfigurationPlatforms) = preSolution
		Debug|Any CPU = Debug|Any CPU
		Release|Any CPU = Release|Any CPU
	EndGlobalSection
	GlobalSection(ProjectConfigurationPlatforms) = postSolution
		{16C43072-5B38-4586-BB79-FB226FC3F39B}.Debug|Any CPU.ActiveCfg = Debug|Any CPU
		{16C43072-5B38-4586-BB79-FB226FC3F39B}.Debug|Any CPU.Build.0 = Debug|Any CPU
		{16C43072-5B38-4586-BB79-FB226FC3F39B}.Release|Any CPU.ActiveCfg = Release|Any CPU
		{16C43072-5B38-4586-BB79-FB226FC3F39B}.Release|Any CPU.Build.0 = Release|Any CPU
	EndGlobalSection
	GlobalSection(SolutionProperties) = preSolution
		HideSolutionNode = FALSE
	EndGlobalSection
	GlobalSection(ExtensibilityGlobals) = postSolution
		SolutionGuid = {E0769E9E-415C-48E1-B5C0-C165CD5AA523}
	EndGlobalSection
EndGlobal
